# THIS IS AN AUTOGENERATED FILE. DO NOT EDIT THIS FILE DIRECTLY.
# yarn lockfile v1


"@babylonjs/core@^6.36.1":
  version "6.36.1"
  resolved "https://registry.yarnpkg.com/@babylonjs/core/-/core-6.36.1.tgz#1f4ccc09ff14059c643d0e3c37752d1111802167"
  integrity sha512-3Ya9S2j5VE8oI2Me2om7svbni8rRM+tYUTIVVhVa7jY2ZI2Y1EkqhvjzSIGmYeuMkpkj+jddHnXE8kAccFrOTg==

"@babylonjs/loaders@^6.36.1":
  version "6.36.1"
  resolved "https://registry.yarnpkg.com/@babylonjs/loaders/-/loaders-6.36.1.tgz#bb04c7d0f054bd3e03045d699767b90b276dd4e7"
  integrity sha512-FD7Dxor6xt17cQXEFS15ARSQ3noh1Q2JMpq6SJTXpGpACoSHQCy7JSvnT/stgKYcvBA2rHLppD3xh8oW9F8n7A==
